
Microsoft Visual Studio Solution File, Format Version 12.00
# Visual Studio 15
Project("{FAE04EC0-301F-11D3-BF4B-00C04F79EFBC}") = "Assembly-CSharp", "Assembly-CSharp.csproj", "{F81178CF-6893-9903-AC20-E591D6F978F4}"
EndProject
Project("{FAE04EC0-301F-11D3-BF4B-00C04F79EFBC}") = "VRMShaders.VRM10.MToon10.Editor", "VRMShaders.VRM10.MToon10.Editor.csproj", "{4503FD8B-7837-D510-B26B-BFB089C96502}"
EndProject
Project("{FAE04EC0-301F-11D3-BF4B-00C04F79EFBC}") = "VRMShaders.VRM10.MToon10.Runtime", "VRMShaders.VRM10.MToon10.Runtime.csproj", "{8B461F2A-B474-9F7A-36AB-44CA4CA7551B}"
EndProject
Project("{FAE04EC0-301F-11D3-BF4B-00C04F79EFBC}") = "VRMShaders.GLTF.IO.Runtime", "VRMShaders.GLTF.IO.Runtime.csproj", "{76CA8A30-C363-C9EC-89B6-AED5609DCD3F}"
EndProject
Project("{FAE04EC0-301F-11D3-BF4B-00C04F79EFBC}") = "MToon", "MToon.csproj", "{A4035B9B-8B5B-F92A-3677-6B0952AFB7DD}"
EndProject
Project("{FAE04EC0-301F-11D3-BF4B-00C04F79EFBC}") = "MToon.Editor", "MToon.Editor.csproj", "{F20ACE06-AED8-C21C-5DEC-30CBE6A58F29}"
EndProject
Project("{FAE04EC0-301F-11D3-BF4B-00C04F79EFBC}") = "lilToon.Editor", "lilToon.Editor.csproj", "{5CF42E9F-B23F-DB8E-34AA-784A899ABDF3}"
EndProject
Project("{FAE04EC0-301F-11D3-BF4B-00C04F79EFBC}") = "VRMShaders.GLTF.IO.Tests", "VRMShaders.GLTF.IO.Tests.csproj", "{D9F50712-F3C4-69A2-C83A-A1BD58AE19FB}"
EndProject
Project("{FAE04EC0-301F-11D3-BF4B-00C04F79EFBC}") = "VRMShaders.GLTF.IO.Editor", "VRMShaders.GLTF.IO.Editor.csproj", "{0D2D7B7B-E734-C647-986E-704086D1F2CC}"
EndProject
Project("{FAE04EC0-301F-11D3-BF4B-00C04F79EFBC}") = "VRMShaders.VRM10.MToon10.Tests", "VRMShaders.VRM10.MToon10.Tests.csproj", "{47702108-885D-9013-4126-FF79E0DAB003}"
EndProject
Project("{FAE04EC0-301F-11D3-BF4B-00C04F79EFBC}") = "VRMShaders.VRM.IO.Runtime", "VRMShaders.VRM.IO.Runtime.csproj", "{F3C780E6-D383-52F4-70CB-F25134EC6C59}"
EndProject
Project("{FAE04EC0-301F-11D3-BF4B-00C04F79EFBC}") = "VRMShaders.GLTF.UniUnlit.Runtime", "VRMShaders.GLTF.UniUnlit.Runtime.csproj", "{3896A44D-70BE-A0AC-CBF5-886E0CAC9B4F}"
EndProject
Project("{FAE04EC0-301F-11D3-BF4B-00C04F79EFBC}") = "VRMShaders.VRM.IO.Editor", "VRMShaders.VRM.IO.Editor.csproj", "{E4963AEB-0383-C8C5-EB9B-ABBD23A6D605}"
EndProject
Project("{FAE04EC0-301F-11D3-BF4B-00C04F79EFBC}") = "lilToon.Editor.External", "lilToon.Editor.External.csproj", "{37C2D6F8-639D-67BC-07BF-9114E97764CE}"
EndProject
Project("{FAE04EC0-301F-11D3-BF4B-00C04F79EFBC}") = "VRMShaders.GLTF.UniUnlit.Editor", "VRMShaders.GLTF.UniUnlit.Editor.csproj", "{FDB042B1-E27D-769E-FD06-1B8A483DF183}"
EndProject
Project("{FAE04EC0-301F-11D3-BF4B-00C04F79EFBC}") = "VRMShaders.VRM10.Format.Runtime", "VRMShaders.VRM10.Format.Runtime.csproj", "{AC82EE37-4DF4-61C8-1489-DFBAE7790781}"
EndProject
Global
	GlobalSection(SolutionConfigurationPlatforms) = preSolution
		Debug|Any CPU = Debug|Any CPU
		Release|Any CPU = Release|Any CPU
	EndGlobalSection
	GlobalSection(ProjectConfigurationPlatforms) = postSolution
		{F81178CF-6893-9903-AC20-E591D6F978F4}.Debug|Any CPU.ActiveCfg = Debug|Any CPU
		{F81178CF-6893-9903-AC20-E591D6F978F4}.Debug|Any CPU.Build.0 = Debug|Any CPU
		{F81178CF-6893-9903-AC20-E591D6F978F4}.Release|Any CPU.ActiveCfg = Release|Any CPU
		{F81178CF-6893-9903-AC20-E591D6F978F4}.Release|Any CPU.Build.0 = Release|Any CPU
		{4503FD8B-7837-D510-B26B-BFB089C96502}.Debug|Any CPU.ActiveCfg = Debug|Any CPU
		{4503FD8B-7837-D510-B26B-BFB089C96502}.Debug|Any CPU.Build.0 = Debug|Any CPU
		{4503FD8B-7837-D510-B26B-BFB089C96502}.Release|Any CPU.ActiveCfg = Release|Any CPU
		{4503FD8B-7837-D510-B26B-BFB089C96502}.Release|Any CPU.Build.0 = Release|Any CPU
		{8B461F2A-B474-9F7A-36AB-44CA4CA7551B}.Debug|Any CPU.ActiveCfg = Debug|Any CPU
		{8B461F2A-B474-9F7A-36AB-44CA4CA7551B}.Debug|Any CPU.Build.0 = Debug|Any CPU
		{8B461F2A-B474-9F7A-36AB-44CA4CA7551B}.Release|Any CPU.ActiveCfg = Release|Any CPU
		{8B461F2A-B474-9F7A-36AB-44CA4CA7551B}.Release|Any CPU.Build.0 = Release|Any CPU
		{76CA8A30-C363-C9EC-89B6-AED5609DCD3F}.Debug|Any CPU.ActiveCfg = Debug|Any CPU
		{76CA8A30-C363-C9EC-89B6-AED5609DCD3F}.Debug|Any CPU.Build.0 = Debug|Any CPU
		{76CA8A30-C363-C9EC-89B6-AED5609DCD3F}.Release|Any CPU.ActiveCfg = Release|Any CPU
		{76CA8A30-C363-C9EC-89B6-AED5609DCD3F}.Release|Any CPU.Build.0 = Release|Any CPU
		{A4035B9B-8B5B-F92A-3677-6B0952AFB7DD}.Debug|Any CPU.ActiveCfg = Debug|Any CPU
		{A4035B9B-8B5B-F92A-3677-6B0952AFB7DD}.Debug|Any CPU.Build.0 = Debug|Any CPU
		{A4035B9B-8B5B-F92A-3677-6B0952AFB7DD}.Release|Any CPU.ActiveCfg = Release|Any CPU
		{A4035B9B-8B5B-F92A-3677-6B0952AFB7DD}.Release|Any CPU.Build.0 = Release|Any CPU
		{F20ACE06-AED8-C21C-5DEC-30CBE6A58F29}.Debug|Any CPU.ActiveCfg = Debug|Any CPU
		{F20ACE06-AED8-C21C-5DEC-30CBE6A58F29}.Debug|Any CPU.Build.0 = Debug|Any CPU
		{F20ACE06-AED8-C21C-5DEC-30CBE6A58F29}.Release|Any CPU.ActiveCfg = Release|Any CPU
		{F20ACE06-AED8-C21C-5DEC-30CBE6A58F29}.Release|Any CPU.Build.0 = Release|Any CPU
		{5CF42E9F-B23F-DB8E-34AA-784A899ABDF3}.Debug|Any CPU.ActiveCfg = Debug|Any CPU
		{5CF42E9F-B23F-DB8E-34AA-784A899ABDF3}.Debug|Any CPU.Build.0 = Debug|Any CPU
		{5CF42E9F-B23F-DB8E-34AA-784A899ABDF3}.Release|Any CPU.ActiveCfg = Release|Any CPU
		{5CF42E9F-B23F-DB8E-34AA-784A899ABDF3}.Release|Any CPU.Build.0 = Release|Any CPU
		{D9F50712-F3C4-69A2-C83A-A1BD58AE19FB}.Debug|Any CPU.ActiveCfg = Debug|Any CPU
		{D9F50712-F3C4-69A2-C83A-A1BD58AE19FB}.Debug|Any CPU.Build.0 = Debug|Any CPU
		{D9F50712-F3C4-69A2-C83A-A1BD58AE19FB}.Release|Any CPU.ActiveCfg = Release|Any CPU
		{D9F50712-F3C4-69A2-C83A-A1BD58AE19FB}.Release|Any CPU.Build.0 = Release|Any CPU
		{0D2D7B7B-E734-C647-986E-704086D1F2CC}.Debug|Any CPU.ActiveCfg = Debug|Any CPU
		{0D2D7B7B-E734-C647-986E-704086D1F2CC}.Debug|Any CPU.Build.0 = Debug|Any CPU
		{0D2D7B7B-E734-C647-986E-704086D1F2CC}.Release|Any CPU.ActiveCfg = Release|Any CPU
		{0D2D7B7B-E734-C647-986E-704086D1F2CC}.Release|Any CPU.Build.0 = Release|Any CPU
		{47702108-885D-9013-4126-FF79E0DAB003}.Debug|Any CPU.ActiveCfg = Debug|Any CPU
		{47702108-885D-9013-4126-FF79E0DAB003}.Debug|Any CPU.Build.0 = Debug|Any CPU
		{47702108-885D-9013-4126-FF79E0DAB003}.Release|Any CPU.ActiveCfg = Release|Any CPU
		{47702108-885D-9013-4126-FF79E0DAB003}.Release|Any CPU.Build.0 = Release|Any CPU
		{F3C780E6-D383-52F4-70CB-F25134EC6C59}.Debug|Any CPU.ActiveCfg = Debug|Any CPU
		{F3C780E6-D383-52F4-70CB-F25134EC6C59}.Debug|Any CPU.Build.0 = Debug|Any CPU
		{F3C780E6-D383-52F4-70CB-F25134EC6C59}.Release|Any CPU.ActiveCfg = Release|Any CPU
		{F3C780E6-D383-52F4-70CB-F25134EC6C59}.Release|Any CPU.Build.0 = Release|Any CPU
		{3896A44D-70BE-A0AC-CBF5-886E0CAC9B4F}.Debug|Any CPU.ActiveCfg = Debug|Any CPU
		{3896A44D-70BE-A0AC-CBF5-886E0CAC9B4F}.Debug|Any CPU.Build.0 = Debug|Any CPU
		{3896A44D-70BE-A0AC-CBF5-886E0CAC9B4F}.Release|Any CPU.ActiveCfg = Release|Any CPU
		{3896A44D-70BE-A0AC-CBF5-886E0CAC9B4F}.Release|Any CPU.Build.0 = Release|Any CPU
		{E4963AEB-0383-C8C5-EB9B-ABBD23A6D605}.Debug|Any CPU.ActiveCfg = Debug|Any CPU
		{E4963AEB-0383-C8C5-EB9B-ABBD23A6D605}.Debug|Any CPU.Build.0 = Debug|Any CPU
		{E4963AEB-0383-C8C5-EB9B-ABBD23A6D605}.Release|Any CPU.ActiveCfg = Release|Any CPU
		{E4963AEB-0383-C8C5-EB9B-ABBD23A6D605}.Release|Any CPU.Build.0 = Release|Any CPU
		{37C2D6F8-639D-67BC-07BF-9114E97764CE}.Debug|Any CPU.ActiveCfg = Debug|Any CPU
		{37C2D6F8-639D-67BC-07BF-9114E97764CE}.Debug|Any CPU.Build.0 = Debug|Any CPU
		{37C2D6F8-639D-67BC-07BF-9114E97764CE}.Release|Any CPU.ActiveCfg = Release|Any CPU
		{37C2D6F8-639D-67BC-07BF-9114E97764CE}.Release|Any CPU.Build.0 = Release|Any CPU
		{FDB042B1-E27D-769E-FD06-1B8A483DF183}.Debug|Any CPU.ActiveCfg = Debug|Any CPU
		{FDB042B1-E27D-769E-FD06-1B8A483DF183}.Debug|Any CPU.Build.0 = Debug|Any CPU
		{FDB042B1-E27D-769E-FD06-1B8A483DF183}.Release|Any CPU.ActiveCfg = Release|Any CPU
		{FDB042B1-E27D-769E-FD06-1B8A483DF183}.Release|Any CPU.Build.0 = Release|Any CPU
		{AC82EE37-4DF4-61C8-1489-DFBAE7790781}.Debug|Any CPU.ActiveCfg = Debug|Any CPU
		{AC82EE37-4DF4-61C8-1489-DFBAE7790781}.Debug|Any CPU.Build.0 = Debug|Any CPU
		{AC82EE37-4DF4-61C8-1489-DFBAE7790781}.Release|Any CPU.ActiveCfg = Release|Any CPU
		{AC82EE37-4DF4-61C8-1489-DFBAE7790781}.Release|Any CPU.Build.0 = Release|Any CPU
	EndGlobalSection
	GlobalSection(SolutionProperties) = preSolution
		HideSolutionNode = FALSE
	EndGlobalSection
EndGlobal
